
Microsoft Visual Studio Solution File, Format Version 12.00
# Visual Studio 15
VisualStudioVersion = 15.0.28307.421
MinimumVisualStudioVersion = 10.0.40219.1
Project("{FAE04EC0-301F-11D3-BF4B-00C04F79EFBC}") = "AutokeyRPC", "AutokeyRPC\AutokeyRPC.csproj", "{5F30F6B5-C1E8-4150-942C-E03EBB105CAF}"
EndProject
Global
	GlobalSection(SolutionConfigurationPlatforms) = preSolution
		Debug|Any CPU = Debug|Any CPU
		Release|Any CPU = Release|Any CPU
	EndGlobalSection
	GlobalSection(ProjectConfigurationPlatforms) = postSolution
		{5F30F6B5-C1E8-4150-942C-E03EBB105CAF}.Debug|Any CPU.ActiveCfg = Debug|Any CPU
		{5F30F6B5-C1E8-4150-942C-E03EBB105CAF}.Debug|Any CPU.Build.0 = Debug|Any CPU
		{5F30F6B5-C1E8-4150-942C-E03EBB105CAF}.Release|Any CPU.ActiveCfg = Release|Any CPU
		{5F30F6B5-C1E8-4150-942C-E03EBB105CAF}.Release|Any CPU.Build.0 = Release|Any CPU
	EndGlobalSection
	GlobalSection(SolutionProperties) = preSolution
		HideSolutionNode = FALSE
	EndGlobalSection
	GlobalSection(ExtensibilityGlobals) = postSolution
		SolutionGuid = {2172681B-5191-44BB-90EE-78B83B8759C2}
	EndGlobalSection
EndGlobal
